
Microsoft Visual Studio Solution File, Format Version 12.00
# Visual Studio Version 17
VisualStudioVersion = 17.4.33205.214
MinimumVisualStudioVersion = 10.0.40219.1
Project("{FAE04EC0-301F-11D3-BF4B-00C04F79EFBC}") = "TugasTaxi", "TugasTaxi\TugasTaxi.csproj", "{8B20717C-9B6E-4EA2-9782-7099F0C96544}"
EndProject
Global
	GlobalSection(SolutionConfigurationPlatforms) = preSolution
		Debug|Any CPU = Debug|Any CPU
		Release|Any CPU = Release|Any CPU
	EndGlobalSection
	GlobalSection(ProjectConfigurationPlatforms) = postSolution
		{8B20717C-9B6E-4EA2-9782-7099F0C96544}.Debug|Any CPU.ActiveCfg = Debug|Any CPU
		{8B20717C-9B6E-4EA2-9782-7099F0C96544}.Debug|Any CPU.Build.0 = Debug|Any CPU
		{8B20717C-9B6E-4EA2-9782-7099F0C96544}.Release|Any CPU.ActiveCfg = Release|Any CPU
		{8B20717C-9B6E-4EA2-9782-7099F0C96544}.Release|Any CPU.Build.0 = Release|Any CPU
	EndGlobalSection
	GlobalSection(SolutionProperties) = preSolution
		HideSolutionNode = FALSE
	EndGlobalSection
	GlobalSection(ExtensibilityGlobals) = postSolution
		SolutionGuid = {BDA2FB2E-087C-44EC-A4E9-91D133AB8ED7}
	EndGlobalSection
EndGlobal
